# This file is generated by running "yarn install" inside your project.
# Manual changes might be lost - proceed with caution!

__metadata:
  version: 6
  cacheKey: 8

"D012FFRT@workspace:.":
  version: 0.0.0-use.local
  resolution: "D012FFRT@workspace:."
  dependencies:
    fs-extra: ^11.1.1
    ini: ^4.1.1
  languageName: unknown
  linkType: soft

"fs-extra@npm:^11.1.1":
  version: 11.1.1
  resolution: "fs-extra@npm:11.1.1"
  dependencies:
    graceful-fs: ^4.2.0
    jsonfile: ^6.0.1
    universalify: ^2.0.0
  checksum: fb883c68245b2d777fbc1f2082c9efb084eaa2bbf9fddaa366130d196c03608eebef7fb490541276429ee1ca99f317e2d73e96f5ca0999eefedf5a624ae1edfd
  languageName: node
  linkType: hard

"graceful-fs@npm:^4.1.6, graceful-fs@npm:^4.2.0":
  version: 4.2.11
  resolution: "graceful-fs@npm:4.2.11"
  checksum: ac85f94da92d8eb6b7f5a8b20ce65e43d66761c55ce85ac96df6865308390da45a8d3f0296dd3a663de65d30ba497bd46c696cc1e248c72b13d6d567138a4fc7
  languageName: node
  linkType: hard

"ini@npm:^4.1.1":
  version: 4.1.1
  resolution: "ini@npm:4.1.1"
  checksum: 0e5909554074fbc31824fa5415b0f604de4a665514c96a897a77bf77353a7ad4743927321270e9d0610a9d510ccd1f3cd77422f7cc80d8f4542dbce75476fb6d
  languageName: node
  linkType: hard

"jsonfile@npm:^6.0.1":
  version: 6.1.0
  resolution: "jsonfile@npm:6.1.0"
  dependencies:
    graceful-fs: ^4.1.6
    universalify: ^2.0.0
  dependenciesMeta:
    graceful-fs:
      optional: true
  checksum: 7af3b8e1ac8fe7f1eccc6263c6ca14e1966fcbc74b618d3c78a0a2075579487547b94f72b7a1114e844a1e15bb00d440e5d1720bfc4612d790a6f285d5ea8354
  languageName: node
  linkType: hard

"universalify@npm:^2.0.0":
  version: 2.0.0
  resolution: "universalify@npm:2.0.0"
  checksum: 2406a4edf4a8830aa6813278bab1f953a8e40f2f63a37873ffa9a3bc8f9745d06cc8e88f3572cb899b7e509013f7f6fcc3e37e8a6d914167a5381d8440518c44
  languageName: node
  linkType: hard
